
Microsoft Visual Studio Solution File, Format Version 12.00
# Visual Studio 15
VisualStudioVersion = 15.0.28307.421
MinimumVisualStudioVersion = 10.0.40219.1
Project("{2150E333-8FDC-42A3-9474-1A3956D46DE8}") = "1.API", "1.API", "{64895A9D-9259-4B30-A1F3-990A111E3DE5}"
EndProject
Project("{2150E333-8FDC-42A3-9474-1A3956D46DE8}") = "4.Entities", "4.Entities", "{4E88DC84-32BE-41A4-9275-E652ED30FD4D}"
EndProject
Project("{2150E333-8FDC-42A3-9474-1A3956D46DE8}") = "5.Utilities", "5.Utilities", "{072FC6F3-9062-4C72-A56E-DF672541073F}"
EndProject
Project("{2150E333-8FDC-42A3-9474-1A3956D46DE8}") = "2.Services", "2.Services", "{80DF6532-9F19-41DB-8F7E-95A4CA953004}"
EndProject
Project("{2150E333-8FDC-42A3-9474-1A3956D46DE8}") = "3.Repositories", "3.Repositories", "{A46ECAA3-2C19-43E4-89D8-3C910E715593}"
EndProject
Project("{FAE04EC0-301F-11D3-BF4B-00C04F79EFBC}") = "WildRoad.Domain.BusinessEntities", "WildRoadEntityModel\WildRoad.Domain.BusinessEntities.csproj", "{D50109B4-7E7A-4D4A-A315-5C93E103D0DF}"
EndProject
Project("{FAE04EC0-301F-11D3-BF4B-00C04F79EFBC}") = "WildRoad.Infrestructure.DataAccess", "WildRoadApp_Api.DataManager\WildRoad.Infrestructure.DataAccess.csproj", "{E4601AD7-59EE-461C-BA42-2D3CFFB8A8FE}"
EndProject
Project("{FAE04EC0-301F-11D3-BF4B-00C04F79EFBC}") = "WildRoad.Business.BusinessLogic", "WildRoad.Business.BusinessLogic\WildRoad.Business.BusinessLogic.csproj", "{2A775429-CDBB-492C-B5BF-53CD784EBA0A}"
EndProject
Project("{FAE04EC0-301F-11D3-BF4B-00C04F79EFBC}") = "WildRoad.Service.API", "WildRoad.Service.API\WildRoad.Service.API.csproj", "{68AED919-E544-4E83-BD4F-FF5B7228D3E2}"
EndProject
Project("{FAE04EC0-301F-11D3-BF4B-00C04F79EFBC}") = "WildRoad.Tools.Utilities", "WildRoad.Tools.Utilities\WildRoad.Tools.Utilities.csproj", "{BB57E798-7487-42FB-A0C7-C7D7E314C17A}"
EndProject
Global
	GlobalSection(SolutionConfigurationPlatforms) = preSolution
		Debug|Any CPU = Debug|Any CPU
		Release|Any CPU = Release|Any CPU
	EndGlobalSection
	GlobalSection(ProjectConfigurationPlatforms) = postSolution
		{D50109B4-7E7A-4D4A-A315-5C93E103D0DF}.Debug|Any CPU.ActiveCfg = Debug|Any CPU
		{D50109B4-7E7A-4D4A-A315-5C93E103D0DF}.Debug|Any CPU.Build.0 = Debug|Any CPU
		{D50109B4-7E7A-4D4A-A315-5C93E103D0DF}.Release|Any CPU.ActiveCfg = Release|Any CPU
		{D50109B4-7E7A-4D4A-A315-5C93E103D0DF}.Release|Any CPU.Build.0 = Release|Any CPU
		{E4601AD7-59EE-461C-BA42-2D3CFFB8A8FE}.Debug|Any CPU.ActiveCfg = Debug|Any CPU
		{E4601AD7-59EE-461C-BA42-2D3CFFB8A8FE}.Debug|Any CPU.Build.0 = Debug|Any CPU
		{E4601AD7-59EE-461C-BA42-2D3CFFB8A8FE}.Release|Any CPU.ActiveCfg = Release|Any CPU
		{E4601AD7-59EE-461C-BA42-2D3CFFB8A8FE}.Release|Any CPU.Build.0 = Release|Any CPU
		{2A775429-CDBB-492C-B5BF-53CD784EBA0A}.Debug|Any CPU.ActiveCfg = Debug|Any CPU
		{2A775429-CDBB-492C-B5BF-53CD784EBA0A}.Debug|Any CPU.Build.0 = Debug|Any CPU
		{2A775429-CDBB-492C-B5BF-53CD784EBA0A}.Release|Any CPU.ActiveCfg = Release|Any CPU
		{2A775429-CDBB-492C-B5BF-53CD784EBA0A}.Release|Any CPU.Build.0 = Release|Any CPU
		{68AED919-E544-4E83-BD4F-FF5B7228D3E2}.Debug|Any CPU.ActiveCfg = Debug|Any CPU
		{68AED919-E544-4E83-BD4F-FF5B7228D3E2}.Debug|Any CPU.Build.0 = Debug|Any CPU
		{68AED919-E544-4E83-BD4F-FF5B7228D3E2}.Release|Any CPU.ActiveCfg = Release|Any CPU
		{68AED919-E544-4E83-BD4F-FF5B7228D3E2}.Release|Any CPU.Build.0 = Release|Any CPU
		{BB57E798-7487-42FB-A0C7-C7D7E314C17A}.Debug|Any CPU.ActiveCfg = Debug|Any CPU
		{BB57E798-7487-42FB-A0C7-C7D7E314C17A}.Debug|Any CPU.Build.0 = Debug|Any CPU
		{BB57E798-7487-42FB-A0C7-C7D7E314C17A}.Release|Any CPU.ActiveCfg = Release|Any CPU
		{BB57E798-7487-42FB-A0C7-C7D7E314C17A}.Release|Any CPU.Build.0 = Release|Any CPU
	EndGlobalSection
	GlobalSection(SolutionProperties) = preSolution
		HideSolutionNode = FALSE
	EndGlobalSection
	GlobalSection(NestedProjects) = preSolution
		{D50109B4-7E7A-4D4A-A315-5C93E103D0DF} = {4E88DC84-32BE-41A4-9275-E652ED30FD4D}
		{E4601AD7-59EE-461C-BA42-2D3CFFB8A8FE} = {A46ECAA3-2C19-43E4-89D8-3C910E715593}
		{2A775429-CDBB-492C-B5BF-53CD784EBA0A} = {80DF6532-9F19-41DB-8F7E-95A4CA953004}
		{68AED919-E544-4E83-BD4F-FF5B7228D3E2} = {64895A9D-9259-4B30-A1F3-990A111E3DE5}
		{BB57E798-7487-42FB-A0C7-C7D7E314C17A} = {072FC6F3-9062-4C72-A56E-DF672541073F}
	EndGlobalSection
	GlobalSection(ExtensibilityGlobals) = postSolution
		SolutionGuid = {D68D9E22-EA3D-461C-924F-4D22D320F790}
	EndGlobalSection
EndGlobal
